
Microsoft Visual Studio Solution File, Format Version 12.00
# Visual Studio Version 16
VisualStudioVersion = 16.0.30011.22
MinimumVisualStudioVersion = 10.0.40219.1
Project("{FAE04EC0-301F-11D3-BF4B-00C04F79EFBC}") = "ArchiveDoc", "ArchiveDoc\ArchiveDoc.csproj", "{256B8836-70AE-49BB-8439-3D77A9CDA03A}"
EndProject
Project("{FAE04EC0-301F-11D3-BF4B-00C04F79EFBC}") = "ArchiveDocaTypeDoc", "ArchiveDocaTypeDoc\ArchiveDocaTypeDoc.csproj", "{59300F7E-B9FC-43A9-BB59-86526A5BE214}"
EndProject
Project("{FAE04EC0-301F-11D3-BF4B-00C04F79EFBC}") = "ArchiveDocAddDoc", "ArchiveDocAddDoc\ArchiveDocAddDoc.csproj", "{63FB68F4-E4C3-431B-B860-20A4D98EE08C}"
EndProject
Project("{FAE04EC0-301F-11D3-BF4B-00C04F79EFBC}") = "ArchiveDocJournalStatusHistory", "ArchiveDocJournalStatusHistory\ArchiveDocJournalStatusHistory.csproj", "{185EAD00-8278-49A1-A352-58A389B01C32}"
EndProject
Project("{FAE04EC0-301F-11D3-BF4B-00C04F79EFBC}") = "ArchiveDocExtensionsFile", "ArchiveDocExtensionsFile\ArchiveDocExtensionsFile.csproj", "{16E59F20-1694-4CC6-936C-7508F1665BBD}"
EndProject
Project("{FAE04EC0-301F-11D3-BF4B-00C04F79EFBC}") = "ArchiveDocSettings", "ArchiveDocSettings\ArchiveDocSettings.csproj", "{A4580645-59A1-4B6C-B9CF-05B2AD97446C}"
EndProject
Project("{FAE04EC0-301F-11D3-BF4B-00C04F79EFBC}") = "ArchiveDocReport", "ArchiveDocReport\ArchiveDocReport.csproj", "{1E64707E-F484-4AFA-8364-5302979E6EF8}"
EndProject
Global
	GlobalSection(SolutionConfigurationPlatforms) = preSolution
		Debug|Any CPU = Debug|Any CPU
		Release|Any CPU = Release|Any CPU
	EndGlobalSection
	GlobalSection(ProjectConfigurationPlatforms) = postSolution
		{256B8836-70AE-49BB-8439-3D77A9CDA03A}.Debug|Any CPU.ActiveCfg = Debug|Any CPU
		{256B8836-70AE-49BB-8439-3D77A9CDA03A}.Debug|Any CPU.Build.0 = Debug|Any CPU
		{256B8836-70AE-49BB-8439-3D77A9CDA03A}.Release|Any CPU.ActiveCfg = Release|Any CPU
		{256B8836-70AE-49BB-8439-3D77A9CDA03A}.Release|Any CPU.Build.0 = Release|Any CPU
		{59300F7E-B9FC-43A9-BB59-86526A5BE214}.Debug|Any CPU.ActiveCfg = Debug|Any CPU
		{59300F7E-B9FC-43A9-BB59-86526A5BE214}.Debug|Any CPU.Build.0 = Debug|Any CPU
		{59300F7E-B9FC-43A9-BB59-86526A5BE214}.Release|Any CPU.ActiveCfg = Release|Any CPU
		{59300F7E-B9FC-43A9-BB59-86526A5BE214}.Release|Any CPU.Build.0 = Release|Any CPU
		{63FB68F4-E4C3-431B-B860-20A4D98EE08C}.Debug|Any CPU.ActiveCfg = Debug|Any CPU
		{63FB68F4-E4C3-431B-B860-20A4D98EE08C}.Debug|Any CPU.Build.0 = Debug|Any CPU
		{63FB68F4-E4C3-431B-B860-20A4D98EE08C}.Release|Any CPU.ActiveCfg = Release|Any CPU
		{63FB68F4-E4C3-431B-B860-20A4D98EE08C}.Release|Any CPU.Build.0 = Release|Any CPU
		{185EAD00-8278-49A1-A352-58A389B01C32}.Debug|Any CPU.ActiveCfg = Debug|Any CPU
		{185EAD00-8278-49A1-A352-58A389B01C32}.Debug|Any CPU.Build.0 = Debug|Any CPU
		{185EAD00-8278-49A1-A352-58A389B01C32}.Release|Any CPU.ActiveCfg = Release|Any CPU
		{185EAD00-8278-49A1-A352-58A389B01C32}.Release|Any CPU.Build.0 = Release|Any CPU
		{16E59F20-1694-4CC6-936C-7508F1665BBD}.Debug|Any CPU.ActiveCfg = Debug|Any CPU
		{16E59F20-1694-4CC6-936C-7508F1665BBD}.Debug|Any CPU.Build.0 = Debug|Any CPU
		{16E59F20-1694-4CC6-936C-7508F1665BBD}.Release|Any CPU.ActiveCfg = Release|Any CPU
		{16E59F20-1694-4CC6-936C-7508F1665BBD}.Release|Any CPU.Build.0 = Release|Any CPU
		{A4580645-59A1-4B6C-B9CF-05B2AD97446C}.Debug|Any CPU.ActiveCfg = Debug|Any CPU
		{A4580645-59A1-4B6C-B9CF-05B2AD97446C}.Debug|Any CPU.Build.0 = Debug|Any CPU
		{A4580645-59A1-4B6C-B9CF-05B2AD97446C}.Release|Any CPU.ActiveCfg = Release|Any CPU
		{A4580645-59A1-4B6C-B9CF-05B2AD97446C}.Release|Any CPU.Build.0 = Release|Any CPU
		{1E64707E-F484-4AFA-8364-5302979E6EF8}.Debug|Any CPU.ActiveCfg = Debug|Any CPU
		{1E64707E-F484-4AFA-8364-5302979E6EF8}.Debug|Any CPU.Build.0 = Debug|Any CPU
		{1E64707E-F484-4AFA-8364-5302979E6EF8}.Release|Any CPU.ActiveCfg = Release|Any CPU
		{1E64707E-F484-4AFA-8364-5302979E6EF8}.Release|Any CPU.Build.0 = Release|Any CPU
	EndGlobalSection
	GlobalSection(SolutionProperties) = preSolution
		HideSolutionNode = FALSE
	EndGlobalSection
	GlobalSection(ExtensibilityGlobals) = postSolution
		SolutionGuid = {9AFFB869-E6CC-403F-BA0B-2A9AB409CB1D}
	EndGlobalSection
EndGlobal
